
Microsoft Visual Studio Solution File, Format Version 12.00
# Visual Studio Version 16
VisualStudioVersion = 16.0.29215.179
MinimumVisualStudioVersion = 10.0.40219.1
Project("{9A19103F-16F7-4668-BE54-9A1E7A4F7556}") = "eShopSolution.WebApp", "eShopSolution.WebApp\eShopSolution.WebApp.csproj", "{E3EBB29A-7416-4EA9-82D4-748ACA09A5EF}"
EndProject
Project("{2150E333-8FDC-42A3-9474-1A3956D46DE8}") = "0. Solution Items", "0. Solution Items", "{A46BAB42-AA45-443F-93D7-6EDC0A0B38BF}"
	ProjectSection(SolutionItems) = preProject
		README.md = README.md
	EndProjectSection
EndProject
Project("{9A19103F-16F7-4668-BE54-9A1E7A4F7556}") = "eShopSolution.Data", "eShopSolution.Data\eShopSolution.Data.csproj", "{408621D3-719F-4A29-9D16-156F531F1EEA}"
EndProject
Project("{9A19103F-16F7-4668-BE54-9A1E7A4F7556}") = "eShopSolution.Application", "eShopSolution.Application\eShopSolution.Application.csproj", "{481FD56B-D269-42E2-8135-CEC93306E0CF}"
EndProject
Project("{9A19103F-16F7-4668-BE54-9A1E7A4F7556}") = "eShopSolution.Utilities", "eShopSolution.Utilities\eShopSolution.Utilities.csproj", "{833FA092-0751-4C3B-9460-EFCA917129A0}"
EndProject
Project("{9A19103F-16F7-4668-BE54-9A1E7A4F7556}") = "eShopSolution.ViewModels", "eShopSolution.ViewModels\eShopSolution.ViewModels.csproj", "{DB972180-BD7B-495B-93E8-9FCC2C79B8F3}"
EndProject
Project("{9A19103F-16F7-4668-BE54-9A1E7A4F7556}") = "eShopSolution.BackendApi", "eShopSolution.BackendApi\eShopSolution.BackendApi.csproj", "{4D5C749E-2C4C-49DB-8F18-EABE5EC88B87}"
EndProject
Project("{2150E333-8FDC-42A3-9474-1A3956D46DE8}") = "1. Infrastructure", "1. Infrastructure", "{8E9FE034-76A7-44E9-A0FF-AC9407A702B8}"
EndProject
Project("{2150E333-8FDC-42A3-9474-1A3956D46DE8}") = "2. Domain", "2. Domain", "{70400E04-9092-43E6-9B76-52955E66D3A9}"
EndProject
Project("{2150E333-8FDC-42A3-9474-1A3956D46DE8}") = "3. Hosts", "3. Hosts", "{092DEEE3-3FA8-432E-AC16-76F858B15409}"
EndProject
Project("{9A19103F-16F7-4668-BE54-9A1E7A4F7556}") = "eShopSolution.AdminApp", "eShopSolution.AdminApp\eShopSolution.AdminApp.csproj", "{EC42CD1A-093E-4968-9622-4A892D40623B}"
EndProject
Global
	GlobalSection(SolutionConfigurationPlatforms) = preSolution
		Debug|Any CPU = Debug|Any CPU
		Release|Any CPU = Release|Any CPU
	EndGlobalSection
	GlobalSection(ProjectConfigurationPlatforms) = postSolution
		{E3EBB29A-7416-4EA9-82D4-748ACA09A5EF}.Debug|Any CPU.ActiveCfg = Debug|Any CPU
		{E3EBB29A-7416-4EA9-82D4-748ACA09A5EF}.Debug|Any CPU.Build.0 = Debug|Any CPU
		{E3EBB29A-7416-4EA9-82D4-748ACA09A5EF}.Release|Any CPU.ActiveCfg = Release|Any CPU
		{E3EBB29A-7416-4EA9-82D4-748ACA09A5EF}.Release|Any CPU.Build.0 = Release|Any CPU
		{408621D3-719F-4A29-9D16-156F531F1EEA}.Debug|Any CPU.ActiveCfg = Debug|Any CPU
		{408621D3-719F-4A29-9D16-156F531F1EEA}.Debug|Any CPU.Build.0 = Debug|Any CPU
		{408621D3-719F-4A29-9D16-156F531F1EEA}.Release|Any CPU.ActiveCfg = Release|Any CPU
		{408621D3-719F-4A29-9D16-156F531F1EEA}.Release|Any CPU.Build.0 = Release|Any CPU
		{481FD56B-D269-42E2-8135-CEC93306E0CF}.Debug|Any CPU.ActiveCfg = Debug|Any CPU
		{481FD56B-D269-42E2-8135-CEC93306E0CF}.Debug|Any CPU.Build.0 = Debug|Any CPU
		{481FD56B-D269-42E2-8135-CEC93306E0CF}.Release|Any CPU.ActiveCfg = Release|Any CPU
		{481FD56B-D269-42E2-8135-CEC93306E0CF}.Release|Any CPU.Build.0 = Release|Any CPU
		{833FA092-0751-4C3B-9460-EFCA917129A0}.Debug|Any CPU.ActiveCfg = Debug|Any CPU
		{833FA092-0751-4C3B-9460-EFCA917129A0}.Debug|Any CPU.Build.0 = Debug|Any CPU
		{833FA092-0751-4C3B-9460-EFCA917129A0}.Release|Any CPU.ActiveCfg = Release|Any CPU
		{833FA092-0751-4C3B-9460-EFCA917129A0}.Release|Any CPU.Build.0 = Release|Any CPU
		{DB972180-BD7B-495B-93E8-9FCC2C79B8F3}.Debug|Any CPU.ActiveCfg = Debug|Any CPU
		{DB972180-BD7B-495B-93E8-9FCC2C79B8F3}.Debug|Any CPU.Build.0 = Debug|Any CPU
		{DB972180-BD7B-495B-93E8-9FCC2C79B8F3}.Release|Any CPU.ActiveCfg = Release|Any CPU
		{DB972180-BD7B-495B-93E8-9FCC2C79B8F3}.Release|Any CPU.Build.0 = Release|Any CPU
		{4D5C749E-2C4C-49DB-8F18-EABE5EC88B87}.Debug|Any CPU.ActiveCfg = Debug|Any CPU
		{4D5C749E-2C4C-49DB-8F18-EABE5EC88B87}.Debug|Any CPU.Build.0 = Debug|Any CPU
		{4D5C749E-2C4C-49DB-8F18-EABE5EC88B87}.Release|Any CPU.ActiveCfg = Release|Any CPU
		{4D5C749E-2C4C-49DB-8F18-EABE5EC88B87}.Release|Any CPU.Build.0 = Release|Any CPU
		{EC42CD1A-093E-4968-9622-4A892D40623B}.Debug|Any CPU.ActiveCfg = Debug|Any CPU
		{EC42CD1A-093E-4968-9622-4A892D40623B}.Debug|Any CPU.Build.0 = Debug|Any CPU
		{EC42CD1A-093E-4968-9622-4A892D40623B}.Release|Any CPU.ActiveCfg = Release|Any CPU
		{EC42CD1A-093E-4968-9622-4A892D40623B}.Release|Any CPU.Build.0 = Release|Any CPU
	EndGlobalSection
	GlobalSection(SolutionProperties) = preSolution
		HideSolutionNode = FALSE
	EndGlobalSection
	GlobalSection(NestedProjects) = preSolution
		{E3EBB29A-7416-4EA9-82D4-748ACA09A5EF} = {092DEEE3-3FA8-432E-AC16-76F858B15409}
		{408621D3-719F-4A29-9D16-156F531F1EEA} = {70400E04-9092-43E6-9B76-52955E66D3A9}
		{481FD56B-D269-42E2-8135-CEC93306E0CF} = {70400E04-9092-43E6-9B76-52955E66D3A9}
		{833FA092-0751-4C3B-9460-EFCA917129A0} = {8E9FE034-76A7-44E9-A0FF-AC9407A702B8}
		{DB972180-BD7B-495B-93E8-9FCC2C79B8F3} = {8E9FE034-76A7-44E9-A0FF-AC9407A702B8}
		{4D5C749E-2C4C-49DB-8F18-EABE5EC88B87} = {092DEEE3-3FA8-432E-AC16-76F858B15409}
		{EC42CD1A-093E-4968-9622-4A892D40623B} = {092DEEE3-3FA8-432E-AC16-76F858B15409}
	EndGlobalSection
	GlobalSection(ExtensibilityGlobals) = postSolution
		SolutionGuid = {7D8103FF-1095-4853-AD5F-F441001AA3DC}
	EndGlobalSection
EndGlobal
